// !$*UTF8*$!
{
	archiveVersion = 1;
	classes = {
	};
	objectVersion = 50;
	objects = {

/* Begin PBXBuildFile section */
		7F0D29672197113B00508A35 /* AlertViewController.m in Sources */ = {isa = PBXBuildFile; fileRef = 7F0D29662197113B00508A35 /* AlertViewController.m */; };
		7F486BB1219475CF00EC63BC /* TweetBotPresentingAnimator.m in Sources */ = {isa = PBXBuildFile; fileRef = 7F486BB0219475CF00EC63BC /* TweetBotPresentingAnimator.m */; };
		DCA993DC21869C6600DE1670 /* AppDelegate.m in Sources */ = {isa = PBXBuildFile; fileRef = DCA993DB21869C6600DE1670 /* AppDelegate.m */; };
		DCA993DF21869C6600DE1670 /* ViewController.m in Sources */ = {isa = PBXBuildFile; fileRef = DCA993DE21869C6600DE1670 /* ViewController.m */; };
		DCA993E221869C6600DE1670 /* Main.storyboard in Resources */ = {isa = PBXBuildFile; fileRef = DCA993E021869C6600DE1670 /* Main.storyboard */; };
		DCA993E421869C6800DE1670 /* Assets.xcassets in Resources */ = {isa = PBXBuildFile; fileRef = DCA993E321869C6800DE1670 /* Assets.xcassets */; };
		DCA993E721869C6800DE1670 /* LaunchScreen.storyboard in Resources */ = {isa = PBXBuildFile; fileRef = DCA993E521869C6800DE1670 /* LaunchScreen.storyboard */; };
		DCA993EA21869C6800DE1670 /* main.m in Sources */ = {isa = PBXBuildFile; fileRef = DCA993E921869C6800DE1670 /* main.m */; };
		DCA993F22186A9A700DE1670 /* AlertPresentingAnimator.m in Sources */ = {isa = PBXBuildFile; fileRef = DCA993F12186A9A700DE1670 /* AlertPresentingAnimator.m */; };
		DCA993F52186AA0A00DE1670 /* UIColor+CustomColor.m in Sources */ = {isa = PBXBuildFile; fileRef = DCA993F42186AA0A00DE1670 /* UIColor+CustomColor.m */; };
		DCA993F82186AAEC00DE1670 /* AlertDismissngAnimator.m in Sources */ = {isa = PBXBuildFile; fileRef = DCA993F72186AAEC00DE1670 /* AlertDismissngAnimator.m */; };
		DCA993FB2186AD3000DE1670 /* AnotherViewController.m in Sources */ = {isa = PBXBuildFile; fileRef = DCA993FA2186AD3000DE1670 /* AnotherViewController.m */; };
		DCA993FE2186BE8600DE1670 /* ThirdViewController.m in Sources */ = {isa = PBXBuildFile; fileRef = DCA993FD2186BE8600DE1670 /* ThirdViewController.m */; };
		DCFE6BAF219540BD0084A71B /* TweetBotDismissingAnimator.m in Sources */ = {isa = PBXBuildFile; fileRef = DCFE6BAE219540BD0084A71B /* TweetBotDismissingAnimator.m */; };
		E226C42884A21BE1B0718591 /* libPods-ViewTransitionDemo.a in Frameworks */ = {isa = PBXBuildFile; fileRef = 82497CC2713F11BC8CDB4C9D /* libPods-ViewTransitionDemo.a */; };
/* End PBXBuildFile section */

/* Begin PBXFileReference section */
		13333949B201A4796F6F0A14 /* Pods-ViewTransitionDemo.debug.xcconfig */ = {isa = PBXFileReference; includeInIndex = 1; lastKnownFileType = text.xcconfig; name = "Pods-ViewTransitionDemo.debug.xcconfig"; path = "Pods/Target Support Files/Pods-ViewTransitionDemo/Pods-ViewTransitionDemo.debug.xcconfig"; sourceTree = "<group>"; };
		7F0D29652197113B00508A35 /* AlertViewController.h */ = {isa = PBXFileReference; lastKnownFileType = sourcecode.c.h; path = AlertViewController.h; sourceTree = "<group>"; };
		7F0D29662197113B00508A35 /* AlertViewController.m */ = {isa = PBXFileReference; lastKnownFileType = sourcecode.c.objc; path = AlertViewController.m; sourceTree = "<group>"; };
		7F486BAF219475CF00EC63BC /* TweetBotPresentingAnimator.h */ = {isa = PBXFileReference; lastKnownFileType = sourcecode.c.h; path = TweetBotPresentingAnimator.h; sourceTree = "<group>"; };
		7F486BB0219475CF00EC63BC /* TweetBotPresentingAnimator.m */ = {isa = PBXFileReference; lastKnownFileType = sourcecode.c.objc; path = TweetBotPresentingAnimator.m; sourceTree = "<group>"; };
		82497CC2713F11BC8CDB4C9D /* libPods-ViewTransitionDemo.a */ = {isa = PBXFileReference; explicitFileType = archive.ar; includeInIndex = 0; path = "libPods-ViewTransitionDemo.a"; sourceTree = BUILT_PRODUCTS_DIR; };
		A73FC4AD8C8A07A4C8AFEF32 /* Pods-ViewTransitionDemo.release.xcconfig */ = {isa = PBXFileReference; includeInIndex = 1; lastKnownFileType = text.xcconfig; name = "Pods-ViewTransitionDemo.release.xcconfig"; path = "Pods/Target Support Files/Pods-ViewTransitionDemo/Pods-ViewTransitionDemo.release.xcconfig"; sourceTree = "<group>"; };
		DCA993D721869C6600DE1670 /* ViewTransitionDemo.app */ = {isa = PBXFileReference; explicitFileType = wrapper.application; includeInIndex = 0; path = ViewTransitionDemo.app; sourceTree = BUILT_PRODUCTS_DIR; };
		DCA993DA21869C6600DE1670 /* AppDelegate.h */ = {isa = PBXFileReference; lastKnownFileType = sourcecode.c.h; path = AppDelegate.h; sourceTree = "<group>"; };
		DCA993DB21869C6600DE1670 /* AppDelegate.m */ = {isa = PBXFileReference; lastKnownFileType = sourcecode.c.objc; path = AppDelegate.m; sourceTree = "<group>"; };
		DCA993DD21869C6600DE1670 /* ViewController.h */ = {isa = PBXFileReference; lastKnownFileType = sourcecode.c.h; path = ViewController.h; sourceTree = "<group>"; };
		DCA993DE21869C6600DE1670 /* ViewController.m */ = {isa = PBXFileReference; lastKnownFileType = sourcecode.c.objc; path = ViewController.m; sourceTree = "<group>"; };
		DCA993E121869C6600DE1670 /* Base */ = {isa = PBXFileReference; lastKnownFileType = file.storyboard; name = Base; path = Base.lproj/Main.storyboard; sourceTree = "<group>"; };
		DCA993E321869C6800DE1670 /* Assets.xcassets */ = {isa = PBXFileReference; lastKnownFileType = folder.assetcatalog; path = Assets.xcassets; sourceTree = "<group>"; };
		DCA993E621869C6800DE1670 /* Base */ = {isa = PBXFileReference; lastKnownFileType = file.storyboard; name = Base; path = Base.lproj/LaunchScreen.storyboard; sourceTree = "<group>"; };
		DCA993E821869C6800DE1670 /* Info.plist */ = {isa = PBXFileReference; lastKnownFileType = text.plist.xml; path = Info.plist; sourceTree = "<group>"; };
		DCA993E921869C6800DE1670 /* main.m */ = {isa = PBXFileReference; lastKnownFileType = sourcecode.c.objc; path = main.m; sourceTree = "<group>"; };
		DCA993F02186A9A700DE1670 /* AlertPresentingAnimator.h */ = {isa = PBXFileReference; lastKnownFileType = sourcecode.c.h; path = AlertPresentingAnimator.h; sourceTree = "<group>"; };
		DCA993F12186A9A700DE1670 /* AlertPresentingAnimator.m */ = {isa = PBXFileReference; lastKnownFileType = sourcecode.c.objc; path = AlertPresentingAnimator.m; sourceTree = "<group>"; };
		DCA993F32186AA0A00DE1670 /* UIColor+CustomColor.h */ = {isa = PBXFileReference; lastKnownFileType = sourcecode.c.h; path = "UIColor+CustomColor.h"; sourceTree = "<group>"; };
		DCA993F42186AA0A00DE1670 /* UIColor+CustomColor.m */ = {isa = PBXFileReference; lastKnownFileType = sourcecode.c.objc; path = "UIColor+CustomColor.m"; sourceTree = "<group>"; };
		DCA993F62186AAEC00DE1670 /* AlertDismissngAnimator.h */ = {isa = PBXFileReference; lastKnownFileType = sourcecode.c.h; path = AlertDismissngAnimator.h; sourceTree = "<group>"; };
		DCA993F72186AAEC00DE1670 /* AlertDismissngAnimator.m */ = {isa = PBXFileReference; lastKnownFileType = sourcecode.c.objc; path = AlertDismissngAnimator.m; sourceTree = "<group>"; };
		DCA993F92186AD3000DE1670 /* AnotherViewController.h */ = {isa = PBXFileReference; lastKnownFileType = sourcecode.c.h; path = AnotherViewController.h; sourceTree = "<group>"; };
		DCA993FA2186AD3000DE1670 /* AnotherViewController.m */ = {isa = PBXFileReference; lastKnownFileType = sourcecode.c.objc; path = AnotherViewController.m; sourceTree = "<group>"; };
		DCA993FC2186BE8600DE1670 /* ThirdViewController.h */ = {isa = PBXFileReference; lastKnownFileType = sourcecode.c.h; path = ThirdViewController.h; sourceTree = "<group>"; };
		DCA993FD2186BE8600DE1670 /* ThirdViewController.m */ = {isa = PBXFileReference; lastKnownFileType = sourcecode.c.objc; path = ThirdViewController.m; sourceTree = "<group>"; };
		DCFE6BAD219540BD0084A71B /* TweetBotDismissingAnimator.h */ = {isa = PBXFileReference; lastKnownFileType = sourcecode.c.h; path = TweetBotDismissingAnimator.h; sourceTree = "<group>"; };
		DCFE6BAE219540BD0084A71B /* TweetBotDismissingAnimator.m */ = {isa = PBXFileReference; lastKnownFileType = sourcecode.c.objc; path = TweetBotDismissingAnimator.m; sourceTree = "<group>"; };
/* End PBXFileReference section */

/* Begin PBXFrameworksBuildPhase section */
		DCA993D421869C6600DE1670 /* Frameworks */ = {
			isa = PBXFrameworksBuildPhase;
			buildActionMask = 2147483647;
			files = (
				E226C42884A21BE1B0718591 /* libPods-ViewTransitionDemo.a in Frameworks */,
			);
			runOnlyForDeploymentPostprocessing = 0;
		};
/* End PBXFrameworksBuildPhase section */

/* Begin PBXGroup section */
		3D41CC2ABDFBDD020CE3F4A7 /* Pods */ = {
			isa = PBXGroup;
			children = (
				13333949B201A4796F6F0A14 /* Pods-ViewTransitionDemo.debug.xcconfig */,
				A73FC4AD8C8A07A4C8AFEF32 /* Pods-ViewTransitionDemo.release.xcconfig */,
			);
			name = Pods;
			sourceTree = "<group>";
		};
		6E5826E4C27BC6734345990F /* Frameworks */ = {
			isa = PBXGroup;
			children = (
				82497CC2713F11BC8CDB4C9D /* libPods-ViewTransitionDemo.a */,
			);
			name = Frameworks;
			sourceTree = "<group>";
		};
		DCA993CE21869C6600DE1670 = {
			isa = PBXGroup;
			children = (
				DCA993D921869C6600DE1670 /* ViewTransitionDemo */,
				DCA993D821869C6600DE1670 /* Products */,
				3D41CC2ABDFBDD020CE3F4A7 /* Pods */,
				6E5826E4C27BC6734345990F /* Frameworks */,
			);
			sourceTree = "<group>";
		};
		DCA993D821869C6600DE1670 /* Products */ = {
			isa = PBXGroup;
			children = (
				DCA993D721869C6600DE1670 /* ViewTransitionDemo.app */,
			);
			name = Products;
			sourceTree = "<group>";
		};
		DCA993D921869C6600DE1670 /* ViewTransitionDemo */ = {
			isa = PBXGroup;
			children = (
				DCFE6BAB2195327A0084A71B /* animator */,
				DCFE6BAC219532980084A71B /* vc */,
				DCA993DA21869C6600DE1670 /* AppDelegate.h */,
				DCA993DB21869C6600DE1670 /* AppDelegate.m */,
				DCA993E321869C6800DE1670 /* Assets.xcassets */,
				DCA993E821869C6800DE1670 /* Info.plist */,
				DCA993E521869C6800DE1670 /* LaunchScreen.storyboard */,
				DCA993E921869C6800DE1670 /* main.m */,
				DCA993E021869C6600DE1670 /* Main.storyboard */,
				DCA993F32186AA0A00DE1670 /* UIColor+CustomColor.h */,
				DCA993F42186AA0A00DE1670 /* UIColor+CustomColor.m */,
			);
			path = ViewTransitionDemo;
			sourceTree = "<group>";
		};
		DCFE6BAB2195327A0084A71B /* animator */ = {
			isa = PBXGroup;
			children = (
				7F486BAF219475CF00EC63BC /* TweetBotPresentingAnimator.h */,
				7F486BB0219475CF00EC63BC /* TweetBotPresentingAnimator.m */,
				DCA993F62186AAEC00DE1670 /* AlertDismissngAnimator.h */,
				DCA993F72186AAEC00DE1670 /* AlertDismissngAnimator.m */,
				DCA993F02186A9A700DE1670 /* AlertPresentingAnimator.h */,
				DCA993F12186A9A700DE1670 /* AlertPresentingAnimator.m */,
				DCFE6BAD219540BD0084A71B /* TweetBotDismissingAnimator.h */,
				DCFE6BAE219540BD0084A71B /* TweetBotDismissingAnimator.m */,
			);
			path = animator;
			sourceTree = "<group>";
		};
		DCFE6BAC219532980084A71B /* vc */ = {
			isa = PBXGroup;
			children = (
				DCA993DD21869C6600DE1670 /* ViewController.h */,
				DCA993DE21869C6600DE1670 /* ViewController.m */,
				DCA993FC2186BE8600DE1670 /* ThirdViewController.h */,
				DCA993FD2186BE8600DE1670 /* ThirdViewController.m */,
				DCA993F92186AD3000DE1670 /* AnotherViewController.h */,
				DCA993FA2186AD3000DE1670 /* AnotherViewController.m */,
				7F0D29652197113B00508A35 /* AlertViewController.h */,
				7F0D29662197113B00508A35 /* AlertViewController.m */,
			);
			path = vc;
			sourceTree = "<group>";
		};
/* End PBXGroup section */

/* Begin PBXNativeTarget section */
		DCA993D621869C6600DE1670 /* ViewTransitionDemo */ = {
			isa = PBXNativeTarget;
			buildConfigurationList = DCA993ED21869C6800DE1670 /* Build configuration list for PBXNativeTarget "ViewTransitionDemo" */;
			buildPhases = (
				317AEECC6B34B8E529471C18 /* [CP] Check Pods Manifest.lock */,
				DCA993D321869C6600DE1670 /* Sources */,
				DCA993D421869C6600DE1670 /* Frameworks */,
				DCA993D521869C6600DE1670 /* Resources */,
				41D2E77658516F94DDB6300F /* [CP] Embed Pods Frameworks */,
				DB7F6E748145126E6C975B17 /* [CP] Copy Pods Resources */,
			);
			buildRules = (
			);
			dependencies = (
			);
			name = ViewTransitionDemo;
			productName = ViewTransitionDemo;
			productReference = DCA993D721869C6600DE1670 /* ViewTransitionDemo.app */;
			productType = "com.apple.product-type.application";
		};
/* End PBXNativeTarget section */

/* Begin PBXProject section */
		DCA993CF21869C6600DE1670 /* Project object */ = {
			isa = PBXProject;
			attributes = {
				LastUpgradeCheck = 1000;
				ORGANIZATIONNAME = Jasmine;
				TargetAttributes = {
					DCA993D621869C6600DE1670 = {
						CreatedOnToolsVersion = 10.0;
					};
				};
			};
			buildConfigurationList = DCA993D221869C6600DE1670 /* Build configuration list for PBXProject "ViewTransitionDemo" */;
			compatibilityVersion = "Xcode 9.3";
			developmentRegion = en;
			hasScannedForEncodings = 0;
			knownRegions = (
				en,
				Base,
			);
			mainGroup = DCA993CE21869C6600DE1670;
			productRefGroup = DCA993D821869C6600DE1670 /* Products */;
			projectDirPath = "";
			projectRoot = "";
			targets = (
				DCA993D621869C6600DE1670 /* ViewTransitionDemo */,
			);
		};
/* End PBXProject section */

/* Begin PBXResourcesBuildPhase section */
		DCA993D521869C6600DE1670 /* Resources */ = {
			isa = PBXResourcesBuildPhase;
			buildActionMask = 2147483647;
			files = (
				DCA993E721869C6800DE1670 /* LaunchScreen.storyboard in Resources */,
				DCA993E421869C6800DE1670 /* Assets.xcassets in Resources */,
				DCA993E221869C6600DE1670 /* Main.storyboard in Resources */,
			);
			runOnlyForDeploymentPostprocessing = 0;
		};
/* End PBXResourcesBuildPhase section */

/* Begin PBXShellScriptBuildPhase section */
		317AEECC6B34B8E529471C18 /* [CP] Check Pods Manifest.lock */ = {
			isa = PBXShellScriptBuildPhase;
			buildActionMask = 2147483647;
			files = (
			);
			inputPaths = (
				"${PODS_PODFILE_DIR_PATH}/Podfile.lock",
				"${PODS_ROOT}/Manifest.lock",
			);
			name = "[CP] Check Pods Manifest.lock";
			outputPaths = (
				"$(DERIVED_FILE_DIR)/Pods-ViewTransitionDemo-checkManifestLockResult.txt",
			);
			runOnlyForDeploymentPostprocessing = 0;
			shellPath = /bin/sh;
			shellScript = "diff \"${PODS_PODFILE_DIR_PATH}/Podfile.lock\" \"${PODS_ROOT}/Manifest.lock\" > /dev/null\nif [ $? != 0 ] ; then\n    # print error to STDERR\n    echo \"error: The sandbox is not in sync with the Podfile.lock. Run 'pod install' or update your CocoaPods installation.\" >&2\n    exit 1\nfi\n# This output is used by Xcode 'outputs' to avoid re-running this script phase.\necho \"SUCCESS\" > \"${SCRIPT_OUTPUT_FILE_0}\"\n";
			showEnvVarsInLog = 0;
		};
		41D2E77658516F94DDB6300F /* [CP] Embed Pods Frameworks */ = {
			isa = PBXShellScriptBuildPhase;
			buildActionMask = 2147483647;
			files = (
			);
			inputPaths = (
			);
			name = "[CP] Embed Pods Frameworks";
			outputPaths = (
			);
			runOnlyForDeploymentPostprocessing = 0;
			shellPath = /bin/sh;
			shellScript = "\"${SRCROOT}/Pods/Target Support Files/Pods-ViewTransitionDemo/Pods-ViewTransitionDemo-frameworks.sh\"\n";
			showEnvVarsInLog = 0;
		};
		DB7F6E748145126E6C975B17 /* [CP] Copy Pods Resources */ = {
			isa = PBXShellScriptBuildPhase;
			buildActionMask = 2147483647;
			files = (
			);
			inputPaths = (
			);
			name = "[CP] Copy Pods Resources";
			outputPaths = (
			);
			runOnlyForDeploymentPostprocessing = 0;
			shellPath = /bin/sh;
			shellScript = "\"${SRCROOT}/Pods/Target Support Files/Pods-ViewTransitionDemo/Pods-ViewTransitionDemo-resources.sh\"\n";
			showEnvVarsInLog = 0;
		};
/* End PBXShellScriptBuildPhase section */

/* Begin PBXSourcesBuildPhase section */
		DCA993D321869C6600DE1670 /* Sources */ = {
			isa = PBXSourcesBuildPhase;
			buildActionMask = 2147483647;
			files = (
				DCA993F52186AA0A00DE1670 /* UIColor+CustomColor.m in Sources */,
				DCA993F82186AAEC00DE1670 /* AlertDismissngAnimator.m in Sources */,
				DCA993FE2186BE8600DE1670 /* ThirdViewController.m in Sources */,
				DCA993DF21869C6600DE1670 /* ViewController.m in Sources */,
				DCFE6BAF219540BD0084A71B /* TweetBotDismissingAnimator.m in Sources */,
				DCA993EA21869C6800DE1670 /* main.m in Sources */,
				7F0D29672197113B00508A35 /* AlertViewController.m in Sources */,
				DCA993F22186A9A700DE1670 /* AlertPresentingAnimator.m in Sources */,
				DCA993FB2186AD3000DE1670 /* AnotherViewController.m in Sources */,
				DCA993DC21869C6600DE1670 /* AppDelegate.m in Sources */,
				7F486BB1219475CF00EC63BC /* TweetBotPresentingAnimator.m in Sources */,
			);
			runOnlyForDeploymentPostprocessing = 0;
		};
/* End PBXSourcesBuildPhase section */

/* Begin PBXVariantGroup section */
		DCA993E021869C6600DE1670 /* Main.storyboard */ = {
			isa = PBXVariantGroup;
			children = (
				DCA993E121869C6600DE1670 /* Base */,
			);
			name = Main.storyboard;
			sourceTree = "<group>";
		};
		DCA993E521869C6800DE1670 /* LaunchScreen.storyboard */ = {
			isa = PBXVariantGroup;
			children = (
				DCA993E621869C6800DE1670 /* Base */,
			);
			name = LaunchScreen.storyboard;
			sourceTree = "<group>";
		};
/* End PBXVariantGroup section */

/* Begin XCBuildConfiguration section */
		DCA993EB21869C6800DE1670 /* Debug */ = {
			isa = XCBuildConfiguration;
			buildSettings = {
				ALWAYS_SEARCH_USER_PATHS = NO;
				CLANG_ANALYZER_NONNULL = YES;
				CLANG_ANALYZER_NUMBER_OBJECT_CONVERSION = YES_AGGRESSIVE;
				CLANG_CXX_LANGUAGE_STANDARD = "gnu++14";
				CLANG_CXX_LIBRARY = "libc++";
				CLANG_ENABLE_MODULES = YES;
				CLANG_ENABLE_OBJC_ARC = YES;
				CLANG_ENABLE_OBJC_WEAK = YES;
				CLANG_WARN_BLOCK_CAPTURE_AUTORELEASING = YES;
				CLANG_WARN_BOOL_CONVERSION = YES;
				CLANG_WARN_COMMA = YES;
				CLANG_WARN_CONSTANT_CONVERSION = YES;
				CLANG_WARN_DEPRECATED_OBJC_IMPLEMENTATIONS = YES;
				CLANG_WARN_DIRECT_OBJC_ISA_USAGE = YES_ERROR;
				CLANG_WARN_DOCUMENTATION_COMMENTS = YES;
				CLANG_WARN_EMPTY_BODY = YES;
				CLANG_WARN_ENUM_CONVERSION = YES;
				CLANG_WARN_INFINITE_RECURSION = YES;
				CLANG_WARN_INT_CONVERSION = YES;
				CLANG_WARN_NON_LITERAL_NULL_CONVERSION = YES;
				CLANG_WARN_OBJC_IMPLICIT_RETAIN_SELF = YES;
				CLANG_WARN_OBJC_LITERAL_CONVERSION = YES;
				CLANG_WARN_OBJC_ROOT_CLASS = YES_ERROR;
				CLANG_WARN_RANGE_LOOP_ANALYSIS = YES;
				CLANG_WARN_STRICT_PROTOTYPES = YES;
				CLANG_WARN_SUSPICIOUS_MOVE = YES;
				CLANG_WARN_UNGUARDED_AVAILABILITY = YES_AGGRESSIVE;
				CLANG_WARN_UNREACHABLE_CODE = YES;
				CLANG_WARN__DUPLICATE_METHOD_MATCH = YES;
				CODE_SIGN_IDENTITY = "iPhone Developer";
				COPY_PHASE_STRIP = NO;
				DEBUG_INFORMATION_FORMAT = dwarf;
				ENABLE_STRICT_OBJC_MSGSEND = YES;
				ENABLE_TESTABILITY = YES;
				GCC_C_LANGUAGE_STANDARD = gnu11;
				GCC_DYNAMIC_NO_PIC = NO;
				GCC_NO_COMMON_BLOCKS = YES;
				GCC_OPTIMIZATION_LEVEL = 0;
				GCC_PREPROCESSOR_DEFINITIONS = (
					"DEBUG=1",
					"$(inherited)",
				);
				GCC_WARN_64_TO_32_BIT_CONVERSION = YES;
				GCC_WARN_ABOUT_RETURN_TYPE = YES_ERROR;
				GCC_WARN_UNDECLARED_SELECTOR = YES;
				GCC_WARN_UNINITIALIZED_AUTOS = YES_AGGRESSIVE;
				GCC_WARN_UNUSED_FUNCTION = YES;
				GCC_WARN_UNUSED_VARIABLE = YES;
				IPHONEOS_DEPLOYMENT_TARGET = 12.0;
				MTL_ENABLE_DEBUG_INFO = INCLUDE_SOURCE;
				MTL_FAST_MATH = YES;
				ONLY_ACTIVE_ARCH = YES;
				SDKROOT = iphoneos;
			};
			name = Debug;
		};
		DCA993EC21869C6800DE1670 /* Release */ = {
			isa = XCBuildConfiguration;
			buildSettings = {
				ALWAYS_SEARCH_USER_PATHS = NO;
				CLANG_ANALYZER_NONNULL = YES;
				CLANG_ANALYZER_NUMBER_OBJECT_CONVERSION = YES_AGGRESSIVE;
				CLANG_CXX_LANGUAGE_STANDARD = "gnu++14";
				CLANG_CXX_LIBRARY = "libc++";
				CLANG_ENABLE_MODULES = YES;
				CLANG_ENABLE_OBJC_ARC = YES;
				CLANG_ENABLE_OBJC_WEAK = YES;
				CLANG_WARN_BLOCK_CAPTURE_AUTORELEASING = YES;
				CLANG_WARN_BOOL_CONVERSION = YES;
				CLANG_WARN_COMMA = YES;
				CLANG_WARN_CONSTANT_CONVERSION = YES;
				CLANG_WARN_DEPRECATED_OBJC_IMPLEMENTATIONS = YES;
				CLANG_WARN_DIRECT_OBJC_ISA_USAGE = YES_ERROR;
				CLANG_WARN_DOCUMENTATION_COMMENTS = YES;
				CLANG_WARN_EMPTY_BODY = YES;
				CLANG_WARN_ENUM_CONVERSION = YES;
				CLANG_WARN_INFINITE_RECURSION = YES;
				CLANG_WARN_INT_CONVERSION = YES;
				CLANG_WARN_NON_LITERAL_NULL_CONVERSION = YES;
				CLANG_WARN_OBJC_IMPLICIT_RETAIN_SELF = YES;
				CLANG_WARN_OBJC_LITERAL_CONVERSION = YES;
				CLANG_WARN_OBJC_ROOT_CLASS = YES_ERROR;
				CLANG_WARN_RANGE_LOOP_ANALYSIS = YES;
				CLANG_WARN_STRICT_PROTOTYPES = YES;
				CLANG_WARN_SUSPICIOUS_MOVE = YES;
				CLANG_WARN_UNGUARDED_AVAILABILITY = YES_AGGRESSIVE;
				CLANG_WARN_UNREACHABLE_CODE = YES;
				CLANG_WARN__DUPLICATE_METHOD_MATCH = YES;
				CODE_SIGN_IDENTITY = "iPhone Developer";
				COPY_PHASE_STRIP = NO;
				DEBUG_INFORMATION_FORMAT = "dwarf-with-dsym";
				ENABLE_NS_ASSERTIONS = NO;
				ENABLE_STRICT_OBJC_MSGSEND = YES;
				GCC_C_LANGUAGE_STANDARD = gnu11;
				GCC_NO_COMMON_BLOCKS = YES;
				GCC_WARN_64_TO_32_BIT_CONVERSION = YES;
				GCC_WARN_ABOUT_RETURN_TYPE = YES_ERROR;
				GCC_WARN_UNDECLARED_SELECTOR = YES;
				GCC_WARN_UNINITIALIZED_AUTOS = YES_AGGRESSIVE;
				GCC_WARN_UNUSED_FUNCTION = YES;
				GCC_WARN_UNUSED_VARIABLE = YES;
				IPHONEOS_DEPLOYMENT_TARGET = 12.0;
				MTL_ENABLE_DEBUG_INFO = NO;
				MTL_FAST_MATH = YES;
				SDKROOT = iphoneos;
				VALIDATE_PRODUCT = YES;
			};
			name = Release;
		};
		DCA993EE21869C6800DE1670 /* Debug */ = {
			isa = XCBuildConfiguration;
			baseConfigurationReference = 13333949B201A4796F6F0A14 /* Pods-ViewTransitionDemo.debug.xcconfig */;
			buildSettings = {
				ASSETCATALOG_COMPILER_APPICON_NAME = AppIcon;
				CODE_SIGN_STYLE = Automatic;
				DEVELOPMENT_TEAM = 4N44FM69KH;
				INFOPLIST_FILE = ViewTransitionDemo/Info.plist;
				IPHONEOS_DEPLOYMENT_TARGET = 10.0;
				LD_RUNPATH_SEARCH_PATHS = (
					"$(inherited)",
					"@executable_path/Frameworks",
				);
				PRODUCT_BUNDLE_IDENTIFIER = com.oeoly.ViewTransitionDemo;
				PRODUCT_NAME = "$(TARGET_NAME)";
				TARGETED_DEVICE_FAMILY = "1,2";
			};
			name = Debug;
		};
		DCA993EF21869C6800DE1670 /* Release */ = {
			isa = XCBuildConfiguration;
			baseConfigurationReference = A73FC4AD8C8A07A4C8AFEF32 /* Pods-ViewTransitionDemo.release.xcconfig */;
			buildSettings = {
				ASSETCATALOG_COMPILER_APPICON_NAME = AppIcon;
				CODE_SIGN_STYLE = Automatic;
				DEVELOPMENT_TEAM = 4N44FM69KH;
				INFOPLIST_FILE = ViewTransitionDemo/Info.plist;
				IPHONEOS_DEPLOYMENT_TARGET = 10.0;
				LD_RUNPATH_SEARCH_PATHS = (
					"$(inherited)",
					"@executable_path/Frameworks",
				);
				PRODUCT_BUNDLE_IDENTIFIER = com.oeoly.ViewTransitionDemo;
				PRODUCT_NAME = "$(TARGET_NAME)";
				TARGETED_DEVICE_FAMILY = "1,2";
			};
			name = Release;
		};
/* End XCBuildConfiguration section */

/* Begin XCConfigurationList section */
		DCA993D221869C6600DE1670 /* Build configuration list for PBXProject "ViewTransitionDemo" */ = {
			isa = XCConfigurationList;
			buildConfigurations = (
				DCA993EB21869C6800DE1670 /* Debug */,
				DCA993EC21869C6800DE1670 /* Release */,
			);
			defaultConfigurationIsVisible = 0;
			defaultConfigurationName = Release;
		};
		DCA993ED21869C6800DE1670 /* Build configuration list for PBXNativeTarget "ViewTransitionDemo" */ = {
			isa = XCConfigurationList;
			buildConfigurations = (
				DCA993EE21869C6800DE1670 /* Debug */,
				DCA993EF21869C6800DE1670 /* Release */,
			);
			defaultConfigurationIsVisible = 0;
			defaultConfigurationName = Release;
		};
/* End XCConfigurationList section */
	};
	rootObject = DCA993CF21869C6600DE1670 /* Project object */;
}
